PODS:
  - Alamofire (4.9.1)
  - AlamofireImage (3.6.0):
    - Alamofire (~> 4.9)
  - Bolts/Tasks (1.9.1)
  - lottie-ios (3.1.8)
  - Parse (1.19.0):
    - Parse/Core (= 1.19.0)
  - Parse/Core (1.19.0):
    - Bolts/Tasks (= 1.9.1)
  - SkeletonView (1.9)

DEPENDENCIES:
  - Alamofire
  - AlamofireImage
  - lottie-ios
  - Parse
  - SkeletonView

SPEC REPOS:
  trunk:
    - Alamofire
    - AlamofireImage
    - Bolts
    - lottie-ios
    - Parse
    - SkeletonView

SPEC CHECKSUMS:
  Alamofire: 85e8a02c69d6020a0d734f6054870d7ecb75cf18
  AlamofireImage: be9963c6582d68b39e89191f64c82a7d7bf40fdd
  Bolts: 8c1e8aab2f603387b8b9924f57d1d64f43d3ffdc
  lottie-ios: 48fac6be217c76937e36e340e2d09cf7b10b7f5f
  Parse: 0fb5c7cc7ee5900f2434e24607d0496155b8d04f
  SkeletonView: f72ac4df69730e48324efae062ba580c2fce974d

PODFILE CHECKSUM: 8438e4ce752433a725d5c8f68f395a61816df9c6

COCOAPODS: 1.10.0.rc.1
